
Microsoft Visual Studio Solution File, Format Version 12.00
# Visual Studio Version 16
VisualStudioVersion = 16.0.32901.82
MinimumVisualStudioVersion = 10.0.40219.1
Project("{9A19103F-16F7-4668-BE54-9A1E7A4F7556}") = "IntroWPF", "IntroWPF\IntroWPF.csproj", "{3BC8B6B9-AA55-46CB-994C-47C7429B6D95}"
EndProject
Project("{9A19103F-16F7-4668-BE54-9A1E7A4F7556}") = "WPFContainers", "WPFContainers\WPFContainers.csproj", "{0B9F0092-FECC-49D1-B2A3-60738E5E2632}"
EndProject
Project("{FAE04EC0-301F-11D3-BF4B-00C04F79EFBC}") = "02_Containers", "02_Containers\02_Containers.csproj", "{E53A1EE4-897B-4864-98B5-2FC8DF2AC319}"
EndProject
Project("{9A19103F-16F7-4668-BE54-9A1E7A4F7556}") = "04_Binding", "04_Binding\04_Binding.csproj", "{61B300A1-43A8-4A7F-92E4-1B04E028BC8D}"
EndProject
Project("{9A19103F-16F7-4668-BE54-9A1E7A4F7556}") = "04_1_Binding_INotify", "04_1_Binding_INotify\04_1_Binding_INotify.csproj", "{5555A6FE-1063-4D79-BE55-222462175293}"
EndProject
Project("{9A19103F-16F7-4668-BE54-9A1E7A4F7556}") = "04_2_Binding_Template", "04_2_Binding_Template\04_2_Binding_Template.csproj", "{946389F6-402B-4FFC-A86F-1BAD232CE724}"
EndProject
Project("{9A19103F-16F7-4668-BE54-9A1E7A4F7556}") = "dz_ColorViewer", "dz_ColorViewer\dz_ColorViewer.csproj", "{7603A502-AE62-480A-B88C-0C32BBB32EFD}"
EndProject
Project("{9A19103F-16F7-4668-BE54-9A1E7A4F7556}") = "05_Intro_Commands", "05_Intro_Commands\05_Intro_Commands.csproj", "{0B900D42-D690-476A-A911-F9FECBE8E15A}"
EndProject
Project("{FAE04EC0-301F-11D3-BF4B-00C04F79EFBC}") = "06_MVVM", "06_MVVM\06_MVVM.csproj", "{A5EA89F9-F76F-46B5-B7F9-32DF961D57B8}"
EndProject
Global
	GlobalSection(SolutionConfigurationPlatforms) = preSolution
		Debug|Any CPU = Debug|Any CPU
		Release|Any CPU = Release|Any CPU
	EndGlobalSection
	GlobalSection(ProjectConfigurationPlatforms) = postSolution
		{3BC8B6B9-AA55-46CB-994C-47C7429B6D95}.Debug|Any CPU.ActiveCfg = Debug|Any CPU
		{3BC8B6B9-AA55-46CB-994C-47C7429B6D95}.Debug|Any CPU.Build.0 = Debug|Any CPU
		{3BC8B6B9-AA55-46CB-994C-47C7429B6D95}.Release|Any CPU.ActiveCfg = Release|Any CPU
		{3BC8B6B9-AA55-46CB-994C-47C7429B6D95}.Release|Any CPU.Build.0 = Release|Any CPU
		{0B9F0092-FECC-49D1-B2A3-60738E5E2632}.Debug|Any CPU.ActiveCfg = Debug|Any CPU
		{0B9F0092-FECC-49D1-B2A3-60738E5E2632}.Debug|Any CPU.Build.0 = Debug|Any CPU
		{0B9F0092-FECC-49D1-B2A3-60738E5E2632}.Release|Any CPU.ActiveCfg = Release|Any CPU
		{0B9F0092-FECC-49D1-B2A3-60738E5E2632}.Release|Any CPU.Build.0 = Release|Any CPU
		{E53A1EE4-897B-4864-98B5-2FC8DF2AC319}.Debug|Any CPU.ActiveCfg = Debug|Any CPU
		{E53A1EE4-897B-4864-98B5-2FC8DF2AC319}.Debug|Any CPU.Build.0 = Debug|Any CPU
		{E53A1EE4-897B-4864-98B5-2FC8DF2AC319}.Release|Any CPU.ActiveCfg = Release|Any CPU
		{E53A1EE4-897B-4864-98B5-2FC8DF2AC319}.Release|Any CPU.Build.0 = Release|Any CPU
		{61B300A1-43A8-4A7F-92E4-1B04E028BC8D}.Debug|Any CPU.ActiveCfg = Debug|Any CPU
		{61B300A1-43A8-4A7F-92E4-1B04E028BC8D}.Debug|Any CPU.Build.0 = Debug|Any CPU
		{61B300A1-43A8-4A7F-92E4-1B04E028BC8D}.Release|Any CPU.ActiveCfg = Release|Any CPU
		{61B300A1-43A8-4A7F-92E4-1B04E028BC8D}.Release|Any CPU.Build.0 = Release|Any CPU
		{5555A6FE-1063-4D79-BE55-222462175293}.Debug|Any CPU.ActiveCfg = Debug|Any CPU
		{5555A6FE-1063-4D79-BE55-222462175293}.Debug|Any CPU.Build.0 = Debug|Any CPU
		{5555A6FE-1063-4D79-BE55-222462175293}.Release|Any CPU.ActiveCfg = Release|Any CPU
		{5555A6FE-1063-4D79-BE55-222462175293}.Release|Any CPU.Build.0 = Release|Any CPU
		{946389F6-402B-4FFC-A86F-1BAD232CE724}.Debug|Any CPU.ActiveCfg = Debug|Any CPU
		{946389F6-402B-4FFC-A86F-1BAD232CE724}.Debug|Any CPU.Build.0 = Debug|Any CPU
		{946389F6-402B-4FFC-A86F-1BAD232CE724}.Release|Any CPU.ActiveCfg = Release|Any CPU
		{946389F6-402B-4FFC-A86F-1BAD232CE724}.Release|Any CPU.Build.0 = Release|Any CPU
		{7603A502-AE62-480A-B88C-0C32BBB32EFD}.Debug|Any CPU.ActiveCfg = Debug|Any CPU
		{7603A502-AE62-480A-B88C-0C32BBB32EFD}.Debug|Any CPU.Build.0 = Debug|Any CPU
		{7603A502-AE62-480A-B88C-0C32BBB32EFD}.Release|Any CPU.ActiveCfg = Release|Any CPU
		{7603A502-AE62-480A-B88C-0C32BBB32EFD}.Release|Any CPU.Build.0 = Release|Any CPU
		{0B900D42-D690-476A-A911-F9FECBE8E15A}.Debug|Any CPU.ActiveCfg = Debug|Any CPU
		{0B900D42-D690-476A-A911-F9FECBE8E15A}.Debug|Any CPU.Build.0 = Debug|Any CPU
		{0B900D42-D690-476A-A911-F9FECBE8E15A}.Release|Any CPU.ActiveCfg = Release|Any CPU
		{0B900D42-D690-476A-A911-F9FECBE8E15A}.Release|Any CPU.Build.0 = Release|Any CPU
		{A5EA89F9-F76F-46B5-B7F9-32DF961D57B8}.Debug|Any CPU.ActiveCfg = Debug|Any CPU
		{A5EA89F9-F76F-46B5-B7F9-32DF961D57B8}.Debug|Any CPU.Build.0 = Debug|Any CPU
		{A5EA89F9-F76F-46B5-B7F9-32DF961D57B8}.Release|Any CPU.ActiveCfg = Release|Any CPU
		{A5EA89F9-F76F-46B5-B7F9-32DF961D57B8}.Release|Any CPU.Build.0 = Release|Any CPU
	EndGlobalSection
	GlobalSection(SolutionProperties) = preSolution
		HideSolutionNode = FALSE
	EndGlobalSection
	GlobalSection(ExtensibilityGlobals) = postSolution
		SolutionGuid = {08459A13-B48F-4EAC-A0BC-C4E5B88EE7C4}
	EndGlobalSection
EndGlobal
